PODS:
  - Bolts/Tasks (1.9.0)
  - Fusuma (1.3.3)
  - NVActivityIndicatorView (4.6.1):
    - NVActivityIndicatorView/Presenter (= 4.6.1)
  - NVActivityIndicatorView/Presenter (4.6.1)
  - Parse (1.17.2):
    - Parse/Core (= 1.17.2)
  - Parse/Core (1.17.2):
    - Bolts/Tasks (~> 1.9)
  - PryntTrimmerView (3.0.0)
  - SnapKit (4.2.0)
  - SteviaLayout (4.4.4)
  - YPImagePicker (3.5.3):
    - PryntTrimmerView (~> 3.0.0)
    - SteviaLayout (~> 4.4.1)

DEPENDENCIES:
  - Fusuma (= 1.3.3)
  - NVActivityIndicatorView (= 4.6.1)
  - Parse
  - SnapKit (= 4.2.0)
  - YPImagePicker

SPEC REPOS:
  https://github.com/cocoapods/specs.git:
    - Bolts
    - Fusuma
    - NVActivityIndicatorView
    - Parse
    - PryntTrimmerView
    - SnapKit
    - SteviaLayout
    - YPImagePicker

SPEC CHECKSUMS:
  Bolts: ac6567323eac61e203f6a9763667d0f711be34c8
  Fusuma: 3bd08c8c5341ec60c0074fa28570fea8765966f0
  NVActivityIndicatorView: 4ca19fccc84595a78957336a086d00a49be6ce61
  Parse: 3b31a3dd1777b07ee7f0caee32fafbff544483a5
  PryntTrimmerView: 53ac64053c7ce63cb3e27f54090f52da0734891d
  SnapKit: fe8a619752f3f27075cc9a90244d75c6c3f27e2a
  SteviaLayout: 523469269059f2c6da02820bb2ff28a5fe0780aa
  YPImagePicker: 5dd3814b47b1208e9c8cc8f6ef77fe90db3723b6

PODFILE CHECKSUM: c021c0883d5e34821afd6757b73c4a93011a4e52

COCOAPODS: 1.5.3
